
Microsoft Visual Studio Solution File, Format Version 12.00
# Visual Studio 15
VisualStudioVersion = 15.0.26430.16
MinimumVisualStudioVersion = 10.0.40219.1
Project("{FAE04EC0-301F-11D3-BF4B-00C04F79EFBC}") = "MusicRoadmap.Android", "MusicRoadmap\MusicRoadmap.Android\MusicRoadmap.Android.csproj", "{E4939A64-DC26-4552-85B9-E02DC8944C05}"
EndProject
Project("{FAE04EC0-301F-11D3-BF4B-00C04F79EFBC}") = "MusicRoadmap.iOS", "MusicRoadmap\MusicRoadmap.iOS\MusicRoadmap.iOS.csproj", "{E9CE3918-4D11-43D5-BF85-1A4FD5FE2E12}"
EndProject
Project("{FAE04EC0-301F-11D3-BF4B-00C04F79EFBC}") = "MusicRoadmap", "MusicRoadmap\MusicRoadmap\MusicRoadmap.csproj", "{05088332-70EF-4E31-8ABD-A06FA5F3E6FC}"
EndProject
Global
	GlobalSection(SolutionConfigurationPlatforms) = preSolution
		Debug|Any CPU = Debug|Any CPU
		Debug|iPhone = Debug|iPhone
		Debug|iPhoneSimulator = Debug|iPhoneSimulator
		Release|Any CPU = Release|Any CPU
		Release|iPhone = Release|iPhone
		Release|iPhoneSimulator = Release|iPhoneSimulator
	EndGlobalSection
	GlobalSection(ProjectConfigurationPlatforms) = postSolution
		{E4939A64-DC26-4552-85B9-E02DC8944C05}.Debug|Any CPU.ActiveCfg = Debug|Any CPU
		{E4939A64-DC26-4552-85B9-E02DC8944C05}.Debug|Any CPU.Build.0 = Debug|Any CPU
		{E4939A64-DC26-4552-85B9-E02DC8944C05}.Debug|Any CPU.Deploy.0 = Debug|Any CPU
		{E4939A64-DC26-4552-85B9-E02DC8944C05}.Debug|iPhone.ActiveCfg = Debug|Any CPU
		{E4939A64-DC26-4552-85B9-E02DC8944C05}.Debug|iPhone.Build.0 = Debug|Any CPU
		{E4939A64-DC26-4552-85B9-E02DC8944C05}.Debug|iPhone.Deploy.0 = Debug|Any CPU
		{E4939A64-DC26-4552-85B9-E02DC8944C05}.Debug|iPhoneSimulator.ActiveCfg = Debug|Any CPU
		{E4939A64-DC26-4552-85B9-E02DC8944C05}.Debug|iPhoneSimulator.Build.0 = Debug|Any CPU
		{E4939A64-DC26-4552-85B9-E02DC8944C05}.Debug|iPhoneSimulator.Deploy.0 = Debug|Any CPU
		{E4939A64-DC26-4552-85B9-E02DC8944C05}.Release|Any CPU.ActiveCfg = Release|Any CPU
		{E4939A64-DC26-4552-85B9-E02DC8944C05}.Release|Any CPU.Build.0 = Release|Any CPU
		{E4939A64-DC26-4552-85B9-E02DC8944C05}.Release|Any CPU.Deploy.0 = Release|Any CPU
		{E4939A64-DC26-4552-85B9-E02DC8944C05}.Release|iPhone.ActiveCfg = Release|Any CPU
		{E4939A64-DC26-4552-85B9-E02DC8944C05}.Release|iPhone.Build.0 = Release|Any CPU
		{E4939A64-DC26-4552-85B9-E02DC8944C05}.Release|iPhone.Deploy.0 = Release|Any CPU
		{E4939A64-DC26-4552-85B9-E02DC8944C05}.Release|iPhoneSimulator.ActiveCfg = Release|Any CPU
		{E4939A64-DC26-4552-85B9-E02DC8944C05}.Release|iPhoneSimulator.Build.0 = Release|Any CPU
		{E4939A64-DC26-4552-85B9-E02DC8944C05}.Release|iPhoneSimulator.Deploy.0 = Release|Any CPU
		{E9CE3918-4D11-43D5-BF85-1A4FD5FE2E12}.Debug|Any CPU.ActiveCfg = Debug|iPhone
		{E9CE3918-4D11-43D5-BF85-1A4FD5FE2E12}.Debug|iPhone.ActiveCfg = Debug|iPhone
		{E9CE3918-4D11-43D5-BF85-1A4FD5FE2E12}.Debug|iPhone.Build.0 = Debug|iPhone
		{E9CE3918-4D11-43D5-BF85-1A4FD5FE2E12}.Debug|iPhoneSimulator.ActiveCfg = Debug|iPhoneSimulator
		{E9CE3918-4D11-43D5-BF85-1A4FD5FE2E12}.Debug|iPhoneSimulator.Build.0 = Debug|iPhoneSimulator
		{E9CE3918-4D11-43D5-BF85-1A4FD5FE2E12}.Release|Any CPU.ActiveCfg = Release|iPhone
		{E9CE3918-4D11-43D5-BF85-1A4FD5FE2E12}.Release|iPhone.ActiveCfg = Release|iPhone
		{E9CE3918-4D11-43D5-BF85-1A4FD5FE2E12}.Release|iPhone.Build.0 = Release|iPhone
		{E9CE3918-4D11-43D5-BF85-1A4FD5FE2E12}.Release|iPhoneSimulator.ActiveCfg = Release|iPhoneSimulator
		{E9CE3918-4D11-43D5-BF85-1A4FD5FE2E12}.Release|iPhoneSimulator.Build.0 = Release|iPhoneSimulator
		{05088332-70EF-4E31-8ABD-A06FA5F3E6FC}.Debug|Any CPU.ActiveCfg = Debug|Any CPU
		{05088332-70EF-4E31-8ABD-A06FA5F3E6FC}.Debug|Any CPU.Build.0 = Debug|Any CPU
		{05088332-70EF-4E31-8ABD-A06FA5F3E6FC}.Debug|iPhone.ActiveCfg = Debug|Any CPU
		{05088332-70EF-4E31-8ABD-A06FA5F3E6FC}.Debug|iPhone.Build.0 = Debug|Any CPU
		{05088332-70EF-4E31-8ABD-A06FA5F3E6FC}.Debug|iPhoneSimulator.ActiveCfg = Debug|Any CPU
		{05088332-70EF-4E31-8ABD-A06FA5F3E6FC}.Debug|iPhoneSimulator.Build.0 = Debug|Any CPU
		{05088332-70EF-4E31-8ABD-A06FA5F3E6FC}.Release|Any CPU.ActiveCfg = Release|Any CPU
		{05088332-70EF-4E31-8ABD-A06FA5F3E6FC}.Release|Any CPU.Build.0 = Release|Any CPU
		{05088332-70EF-4E31-8ABD-A06FA5F3E6FC}.Release|iPhone.ActiveCfg = Release|Any CPU
		{05088332-70EF-4E31-8ABD-A06FA5F3E6FC}.Release|iPhone.Build.0 = Release|Any CPU
		{05088332-70EF-4E31-8ABD-A06FA5F3E6FC}.Release|iPhoneSimulator.ActiveCfg = Release|Any CPU
		{05088332-70EF-4E31-8ABD-A06FA5F3E6FC}.Release|iPhoneSimulator.Build.0 = Release|Any CPU
	EndGlobalSection
	GlobalSection(SolutionProperties) = preSolution
		HideSolutionNode = FALSE
	EndGlobalSection
EndGlobal
